
Microsoft Visual Studio Solution File, Format Version 12.00
# Visual Studio Version 17
VisualStudioVersion = 17.9.34728.123
MinimumVisualStudioVersion = 10.0.40219.1
Project("{FAE04EC0-301F-11D3-BF4B-00C04F79EFBC}") = "PITPM_LB1", "PITPM_LB1\PITPM_LB1.csproj", "{B05BCEB0-FE45-4E7E-9155-E387E3EFB1D5}"
EndProject
Global
	GlobalSection(SolutionConfigurationPlatforms) = preSolution
		Debug|Any CPU = Debug|Any CPU
		Release|Any CPU = Release|Any CPU
	EndGlobalSection
	GlobalSection(ProjectConfigurationPlatforms) = postSolution
		{B05BCEB0-FE45-4E7E-9155-E387E3EFB1D5}.Debug|Any CPU.ActiveCfg = Debug|Any CPU
		{B05BCEB0-FE45-4E7E-9155-E387E3EFB1D5}.Debug|Any CPU.Build.0 = Debug|Any CPU
		{B05BCEB0-FE45-4E7E-9155-E387E3EFB1D5}.Release|Any CPU.ActiveCfg = Release|Any CPU
		{B05BCEB0-FE45-4E7E-9155-E387E3EFB1D5}.Release|Any CPU.Build.0 = Release|Any CPU
	EndGlobalSection
	GlobalSection(SolutionProperties) = preSolution
		HideSolutionNode = FALSE
	EndGlobalSection
	GlobalSection(ExtensibilityGlobals) = postSolution
		SolutionGuid = {9EC21CB2-E886-4EB0-850C-AB394337E75A}
	EndGlobalSection
EndGlobal
